<?xml version="1.0" encoding="utf-8"?>
<Project ToolsVersion="4.0" xmlns="http://schemas.microsoft.com/developer/msbuild/2003">
  <ItemGroup>
    <ClCompile Include="main.cpp" />
    <ClCompile Include="Core\Utils.cpp">
      <Filter>Core</Filter>
    </ClCompile>
    <ClCompile Include="Core\TypeMetaInfo.cpp">
      <Filter>Core</Filter>
    </ClCompile>
    <ClCompile Include="Core\JsonToClass.cpp">
      <Filter>Core</Filter>
    </ClCompile>
  </ItemGroup>
  <ItemGroup>
    <Filter Include="Core">
      <UniqueIdentifier>{82cadb78-8dd8-4eb7-9c47-2e8c7f9fcb72}</UniqueIdentifier>
    </Filter>
  </ItemGroup>
  <ItemGroup>
    <ClInclude Include="Core\Utils.hpp">
      <Filter>Core</Filter>
    </ClInclude>
    <ClInclude Include="Core\TypeMetaInfo.hpp">
      <Filter>Core</Filter>
    </ClInclude>
    <ClInclude Include="Core\JsonToClass.hpp">
      <Filter>Core</Filter>
    </ClInclude>
    <ClInclude Include="m_Test_native.hpp" />
  </ItemGroup>
</Project>